
Microsoft Visual Studio Solution File, Format Version 12.00
# Visual Studio Version 17
VisualStudioVersion = 17.4.33403.182
MinimumVisualStudioVersion = 10.0.40219.1
Project("{9A19103F-16F7-4668-BE54-9A1E7A4F7556}") = "WebApi", "WebApi\WebApi.csproj", "{1BB5DF8E-584E-4501-B3ED-CFEC41AA5FD4}"
EndProject
Global
	GlobalSection(SolutionConfigurationPlatforms) = preSolution
		Debug|Any CPU = Debug|Any CPU
		Release|Any CPU = Release|Any CPU
	EndGlobalSection
	GlobalSection(ProjectConfigurationPlatforms) = postSolution
		{1BB5DF8E-584E-4501-B3ED-CFEC41AA5FD4}.Debug|Any CPU.ActiveCfg = Debug|Any CPU
		{1BB5DF8E-584E-4501-B3ED-CFEC41AA5FD4}.Debug|Any CPU.Build.0 = Debug|Any CPU
		{1BB5DF8E-584E-4501-B3ED-CFEC41AA5FD4}.Release|Any CPU.ActiveCfg = Release|Any CPU
		{1BB5DF8E-584E-4501-B3ED-CFEC41AA5FD4}.Release|Any CPU.Build.0 = Release|Any CPU
	EndGlobalSection
	GlobalSection(SolutionProperties) = preSolution
		HideSolutionNode = FALSE
	EndGlobalSection
	GlobalSection(ExtensibilityGlobals) = postSolution
		SolutionGuid = {86F02548-577B-4B2C-B11C-F67C9D8953D3}
	EndGlobalSection
EndGlobal
